{
  "name": "cachelot",
  "version": "1.0.1",
  "lockfileVersion": 2,
  "requires": true,
  "packages": {
    "": {
      "name": "cachelot",
      "version": "1.0.1",
      "license": "ISC",
      "dependencies": {
        "async-mutex": "^0.3.1"
      },
      "devDependencies": {
        "@types/node": "^15.0.2",
        "typescript": "^4.2.4"
      }
    },
    "node_modules/@types/node": {
      "version": "15.0.2",
      "resolved": "https://registry.npmjs.org/@types/node/-/node-15.0.2.tgz",
      "integrity": "sha512-p68+a+KoxpoB47015IeYZYRrdqMUcpbK8re/zpFB8Ld46LHC1lPEbp3EXgkEhAYEcPvjJF6ZO+869SQ0aH1dcA==",
      "dev": true
    },
    "node_modules/async-mutex": {
      "version": "0.3.1",
      "resolved": "https://registry.npmjs.org/async-mutex/-/async-mutex-0.3.1.tgz",
      "integrity": "sha512-vRfQwcqBnJTLzVQo72Sf7KIUbcSUP5hNchx6udI1U6LuPQpfePgdjJzlCe76yFZ8pxlLjn9lwcl/Ya0TSOv0Tw==",
      "dependencies": {
        "tslib": "^2.1.0"
      }
    },
    "node_modules/tslib": {
      "version": "2.2.0",
      "resolved": "https://registry.npmjs.org/tslib/-/tslib-2.2.0.tgz",
      "integrity": "sha512-gS9GVHRU+RGn5KQM2rllAlR3dU6m7AcpJKdtH8gFvQiC4Otgk98XnmMU+nZenHt/+VhnBPWwgrJsyrdcw6i23w=="
    },
    "node_modules/typescript": {
      "version": "4.2.4",
      "resolved": "https://registry.npmjs.org/typescript/-/typescript-4.2.4.tgz",
      "integrity": "sha512-V+evlYHZnQkaz8TRBuxTA92yZBPotr5H+WhQ7bD3hZUndx5tGOa1fuCgeSjxAzM1RiN5IzvadIXTVefuuwZCRg==",
      "dev": true,
      "bin": {
        "tsc": "bin/tsc",
        "tsserver": "bin/tsserver"
      },
      "engines": {
        "node": ">=4.2.0"
      }
    }
  },
  "dependencies": {
    "@types/node": {
      "version": "15.0.2",
      "resolved": "https://registry.npmjs.org/@types/node/-/node-15.0.2.tgz",
      "integrity": "sha512-p68+a+KoxpoB47015IeYZYRrdqMUcpbK8re/zpFB8Ld46LHC1lPEbp3EXgkEhAYEcPvjJF6ZO+869SQ0aH1dcA==",
      "dev": true
    },
    "async-mutex": {
      "version": "0.3.1",
      "resolved": "https://registry.npmjs.org/async-mutex/-/async-mutex-0.3.1.tgz",
      "integrity": "sha512-vRfQwcqBnJTLzVQo72Sf7KIUbcSUP5hNchx6udI1U6LuPQpfePgdjJzlCe76yFZ8pxlLjn9lwcl/Ya0TSOv0Tw==",
      "requires": {
        "tslib": "^2.1.0"
      }
    },
    "tslib": {
      "version": "2.2.0",
      "resolved": "https://registry.npmjs.org/tslib/-/tslib-2.2.0.tgz",
      "integrity": "sha512-gS9GVHRU+RGn5KQM2rllAlR3dU6m7AcpJKdtH8gFvQiC4Otgk98XnmMU+nZenHt/+VhnBPWwgrJsyrdcw6i23w=="
    },
    "typescript": {
      "version": "4.2.4",
      "resolved": "https://registry.npmjs.org/typescript/-/typescript-4.2.4.tgz",
      "integrity": "sha512-V+evlYHZnQkaz8TRBuxTA92yZBPotr5H+WhQ7bD3hZUndx5tGOa1fuCgeSjxAzM1RiN5IzvadIXTVefuuwZCRg==",
      "dev": true
    }
  }
}
